// !$*UTF8*$!
{
	archiveVersion = 1;
	classes = {
	};
	objectVersion = 50;
	objects = {

/* Begin PBXBuildFile section */
		DC60224A253545180042813E /* AppDelegate.swift in Sources */ = {isa = PBXBuildFile; fileRef = DC602249253545180042813E /* AppDelegate.swift */; };
		DC60224C253545180042813E /* SceneDelegate.swift in Sources */ = {isa = PBXBuildFile; fileRef = DC60224B253545180042813E /* SceneDelegate.swift */; };
		DC60224E253545180042813E /* ContentView.swift in Sources */ = {isa = PBXBuildFile; fileRef = DC60224D253545180042813E /* ContentView.swift */; };
		DC6022502535451B0042813E /* Assets.xcassets in Resources */ = {isa = PBXBuildFile; fileRef = DC60224F2535451B0042813E /* Assets.xcassets */; };
		DC6022532535451B0042813E /* Preview Assets.xcassets in Resources */ = {isa = PBXBuildFile; fileRef = DC6022522535451B0042813E /* Preview Assets.xcassets */; };
		DC6022562535451B0042813E /* LaunchScreen.storyboard in Resources */ = {isa = PBXBuildFile; fileRef = DC6022542535451B0042813E /* LaunchScreen.storyboard */; };
		DC6022612535451B0042813E /* MetronomeTests.swift in Sources */ = {isa = PBXBuildFile; fileRef = DC6022602535451B0042813E /* MetronomeTests.swift */; };
		DC60226C2535451B0042813E /* MetronomeUITests.swift in Sources */ = {isa = PBXBuildFile; fileRef = DC60226B2535451B0042813E /* MetronomeUITests.swift */; };
		DC60227E253545480042813E /* Clamping.swift in Sources */ = {isa = PBXBuildFile; fileRef = DC60227D253545480042813E /* Clamping.swift */; };
		DC602283253545560042813E /* ArcProgressView.swift in Sources */ = {isa = PBXBuildFile; fileRef = DC602282253545560042813E /* ArcProgressView.swift */; };
		DC60228F253546400042813E /* HostingController.swift in Sources */ = {isa = PBXBuildFile; fileRef = DC60228E253546400042813E /* HostingController.swift */; };
		DC602297253550680042813E /* UserSettings.swift in Sources */ = {isa = PBXBuildFile; fileRef = DC602296253550680042813E /* UserSettings.swift */; };
		DC60229C253551670042813E /* UserDefault.swift in Sources */ = {isa = PBXBuildFile; fileRef = DC60229B253551670042813E /* UserDefault.swift */; };
		DC6022AC25357FBD0042813E /* NavigationBarModifier.swift in Sources */ = {isa = PBXBuildFile; fileRef = DC6022AB25357FBD0042813E /* NavigationBarModifier.swift */; };
		DC6022B1253582A40042813E /* SettingsView.swift in Sources */ = {isa = PBXBuildFile; fileRef = DC6022B0253582A40042813E /* SettingsView.swift */; };
/* End PBXBuildFile section */

/* Begin PBXContainerItemProxy section */
		DC60225D2535451B0042813E /* PBXContainerItemProxy */ = {
			isa = PBXContainerItemProxy;
			containerPortal = DC60223E253545180042813E /* Project object */;
			proxyType = 1;
			remoteGlobalIDString = DC602245253545180042813E;
			remoteInfo = Metronome;
		};
		DC6022682535451B0042813E /* PBXContainerItemProxy */ = {
			isa = PBXContainerItemProxy;
			containerPortal = DC60223E253545180042813E /* Project object */;
			proxyType = 1;
			remoteGlobalIDString = DC602245253545180042813E;
			remoteInfo = Metronome;
		};
/* End PBXContainerItemProxy section */

/* Begin PBXFileReference section */
		DC602246253545180042813E /* Metronome.app */ = {isa = PBXFileReference; explicitFileType = wrapper.application; includeInIndex = 0; path = Metronome.app; sourceTree = BUILT_PRODUCTS_DIR; };
		DC602249253545180042813E /* AppDelegate.swift */ = {isa = PBXFileReference; lastKnownFileType = sourcecode.swift; path = AppDelegate.swift; sourceTree = "<group>"; };
		DC60224B253545180042813E /* SceneDelegate.swift */ = {isa = PBXFileReference; lastKnownFileType = sourcecode.swift; path = SceneDelegate.swift; sourceTree = "<group>"; };
		DC60224D253545180042813E /* ContentView.swift */ = {isa = PBXFileReference; lastKnownFileType = sourcecode.swift; path = ContentView.swift; sourceTree = "<group>"; };
		DC60224F2535451B0042813E /* Assets.xcassets */ = {isa = PBXFileReference; lastKnownFileType = folder.assetcatalog; path = Assets.xcassets; sourceTree = "<group>"; };
		DC6022522535451B0042813E /* Preview Assets.xcassets */ = {isa = PBXFileReference; lastKnownFileType = folder.assetcatalog; path = "Preview Assets.xcassets"; sourceTree = "<group>"; };
		DC6022552535451B0042813E /* Base */ = {isa = PBXFileReference; lastKnownFileType = file.storyboard; name = Base; path = Base.lproj/LaunchScreen.storyboard; sourceTree = "<group>"; };
		DC6022572535451B0042813E /* Info.plist */ = {isa = PBXFileReference; lastKnownFileType = text.plist.xml; path = Info.plist; sourceTree = "<group>"; };
		DC60225C2535451B0042813E /* MetronomeTests.xctest */ = {isa = PBXFileReference; explicitFileType = wrapper.cfbundle; includeInIndex = 0; path = MetronomeTests.xctest; sourceTree = BUILT_PRODUCTS_DIR; };
		DC6022602535451B0042813E /* MetronomeTests.swift */ = {isa = PBXFileReference; lastKnownFileType = sourcecode.swift; path = MetronomeTests.swift; sourceTree = "<group>"; };
		DC6022622535451B0042813E /* Info.plist */ = {isa = PBXFileReference; lastKnownFileType = text.plist.xml; path = Info.plist; sourceTree = "<group>"; };
		DC6022672535451B0042813E /* MetronomeUITests.xctest */ = {isa = PBXFileReference; explicitFileType = wrapper.cfbundle; includeInIndex = 0; path = MetronomeUITests.xctest; sourceTree = BUILT_PRODUCTS_DIR; };
		DC60226B2535451B0042813E /* MetronomeUITests.swift */ = {isa = PBXFileReference; lastKnownFileType = sourcecode.swift; path = MetronomeUITests.swift; sourceTree = "<group>"; };
		DC60226D2535451B0042813E /* Info.plist */ = {isa = PBXFileReference; lastKnownFileType = text.plist.xml; path = Info.plist; sourceTree = "<group>"; };
		DC60227D253545480042813E /* Clamping.swift */ = {isa = PBXFileReference; fileEncoding = 4; lastKnownFileType = sourcecode.swift; path = Clamping.swift; sourceTree = "<group>"; };
		DC602282253545560042813E /* ArcProgressView.swift */ = {isa = PBXFileReference; fileEncoding = 4; lastKnownFileType = sourcecode.swift; path = ArcProgressView.swift; sourceTree = "<group>"; };
		DC60228E253546400042813E /* HostingController.swift */ = {isa = PBXFileReference; lastKnownFileType = sourcecode.swift; path = HostingController.swift; sourceTree = "<group>"; };
		DC602296253550680042813E /* UserSettings.swift */ = {isa = PBXFileReference; lastKnownFileType = sourcecode.swift; path = UserSettings.swift; sourceTree = "<group>"; };
		DC60229B253551670042813E /* UserDefault.swift */ = {isa = PBXFileReference; lastKnownFileType = sourcecode.swift; path = UserDefault.swift; sourceTree = "<group>"; };
		DC6022AB25357FBD0042813E /* NavigationBarModifier.swift */ = {isa = PBXFileReference; lastKnownFileType = sourcecode.swift; path = NavigationBarModifier.swift; sourceTree = "<group>"; };
		DC6022B0253582A40042813E /* SettingsView.swift */ = {isa = PBXFileReference; lastKnownFileType = sourcecode.swift; path = SettingsView.swift; sourceTree = "<group>"; };
/* End PBXFileReference section */

/* Begin PBXFrameworksBuildPhase section */
		DC602243253545180042813E /* Frameworks */ = {
			isa = PBXFrameworksBuildPhase;
			buildActionMask = 2147483647;
			files = (
			);
			runOnlyForDeploymentPostprocessing = 0;
		};
		DC6022592535451B0042813E /* Frameworks */ = {
			isa = PBXFrameworksBuildPhase;
			buildActionMask = 2147483647;
			files = (
			);
			runOnlyForDeploymentPostprocessing = 0;
		};
		DC6022642535451B0042813E /* Frameworks */ = {
			isa = PBXFrameworksBuildPhase;
			buildActionMask = 2147483647;
			files = (
			);
			runOnlyForDeploymentPostprocessing = 0;
		};
/* End PBXFrameworksBuildPhase section */

/* Begin PBXGroup section */
		DC60223D253545180042813E = {
			isa = PBXGroup;
			children = (
				DC602248253545180042813E /* Metronome */,
				DC60225F2535451B0042813E /* MetronomeTests */,
				DC60226A2535451B0042813E /* MetronomeUITests */,
				DC602247253545180042813E /* Products */,
			);
			sourceTree = "<group>";
		};
		DC602247253545180042813E /* Products */ = {
			isa = PBXGroup;
			children = (
				DC602246253545180042813E /* Metronome.app */,
				DC60225C2535451B0042813E /* MetronomeTests.xctest */,
				DC6022672535451B0042813E /* MetronomeUITests.xctest */,
			);
			name = Products;
			sourceTree = "<group>";
		};
		DC602248253545180042813E /* Metronome */ = {
			isa = PBXGroup;
			children = (
				DC602249253545180042813E /* AppDelegate.swift */,
				DC60224B253545180042813E /* SceneDelegate.swift */,
				DC60228E253546400042813E /* HostingController.swift */,
				DC60224D253545180042813E /* ContentView.swift */,
				DC6022B0253582A40042813E /* SettingsView.swift */,
				DC602296253550680042813E /* UserSettings.swift */,
				DC6022AB25357FBD0042813E /* NavigationBarModifier.swift */,
				DC6022872535455A0042813E /* Views */,
				DC60227C2535452F0042813E /* Wrapper */,
				DC60224F2535451B0042813E /* Assets.xcassets */,
				DC6022542535451B0042813E /* LaunchScreen.storyboard */,
				DC6022572535451B0042813E /* Info.plist */,
				DC6022512535451B0042813E /* Preview Content */,
			);
			path = Metronome;
			sourceTree = "<group>";
		};
		DC6022512535451B0042813E /* Preview Content */ = {
			isa = PBXGroup;
			children = (
				DC6022522535451B0042813E /* Preview Assets.xcassets */,
			);
			path = "Preview Content";
			sourceTree = "<group>";
		};
		DC60225F2535451B0042813E /* MetronomeTests */ = {
			isa = PBXGroup;
			children = (
				DC6022602535451B0042813E /* MetronomeTests.swift */,
				DC6022622535451B0042813E /* Info.plist */,
			);
			path = MetronomeTests;
			sourceTree = "<group>";
		};
		DC60226A2535451B0042813E /* MetronomeUITests */ = {
			isa = PBXGroup;
			children = (
				DC60226B2535451B0042813E /* MetronomeUITests.swift */,
				DC60226D2535451B0042813E /* Info.plist */,
			);
			path = MetronomeUITests;
			sourceTree = "<group>";
		};
		DC60227C2535452F0042813E /* Wrapper */ = {
			isa = PBXGroup;
			children = (
				DC60227D253545480042813E /* Clamping.swift */,
				DC60229B253551670042813E /* UserDefault.swift */,
			);
			path = Wrapper;
			sourceTree = "<group>";
		};
		DC6022872535455A0042813E /* Views */ = {
			isa = PBXGroup;
			children = (
				DC602282253545560042813E /* ArcProgressView.swift */,
			);
			path = Views;
			sourceTree = "<group>";
		};
/* End PBXGroup section */

/* Begin PBXNativeTarget section */
		DC602245253545180042813E /* Metronome */ = {
			isa = PBXNativeTarget;
			buildConfigurationList = DC6022702535451B0042813E /* Build configuration list for PBXNativeTarget "Metronome" */;
			buildPhases = (
				DC602242253545180042813E /* Sources */,
				DC602243253545180042813E /* Frameworks */,
				DC602244253545180042813E /* Resources */,
			);
			buildRules = (
			);
			dependencies = (
			);
			name = Metronome;
			productName = Metronome;
			productReference = DC602246253545180042813E /* Metronome.app */;
			productType = "com.apple.product-type.application";
		};
		DC60225B2535451B0042813E /* MetronomeTests */ = {
			isa = PBXNativeTarget;
			buildConfigurationList = DC6022732535451B0042813E /* Build configuration list for PBXNativeTarget "MetronomeTests" */;
			buildPhases = (
				DC6022582535451B0042813E /* Sources */,
				DC6022592535451B0042813E /* Frameworks */,
				DC60225A2535451B0042813E /* Resources */,
			);
			buildRules = (
			);
			dependencies = (
				DC60225E2535451B0042813E /* PBXTargetDependency */,
			);
			name = MetronomeTests;
			productName = MetronomeTests;
			productReference = DC60225C2535451B0042813E /* MetronomeTests.xctest */;
			productType = "com.apple.product-type.bundle.unit-test";
		};
		DC6022662535451B0042813E /* MetronomeUITests */ = {
			isa = PBXNativeTarget;
			buildConfigurationList = DC6022762535451B0042813E /* Build configuration list for PBXNativeTarget "MetronomeUITests" */;
			buildPhases = (
				DC6022632535451B0042813E /* Sources */,
				DC6022642535451B0042813E /* Frameworks */,
				DC6022652535451B0042813E /* Resources */,
			);
			buildRules = (
			);
			dependencies = (
				DC6022692535451B0042813E /* PBXTargetDependency */,
			);
			name = MetronomeUITests;
			productName = MetronomeUITests;
			productReference = DC6022672535451B0042813E /* MetronomeUITests.xctest */;
			productType = "com.apple.product-type.bundle.ui-testing";
		};
/* End PBXNativeTarget section */

/* Begin PBXProject section */
		DC60223E253545180042813E /* Project object */ = {
			isa = PBXProject;
			attributes = {
				LastSwiftUpdateCheck = 1200;
				LastUpgradeCheck = 1200;
				TargetAttributes = {
					DC602245253545180042813E = {
						CreatedOnToolsVersion = 12.0.1;
					};
					DC60225B2535451B0042813E = {
						CreatedOnToolsVersion = 12.0.1;
						TestTargetID = DC602245253545180042813E;
					};
					DC6022662535451B0042813E = {
						CreatedOnToolsVersion = 12.0.1;
						TestTargetID = DC602245253545180042813E;
					};
				};
			};
			buildConfigurationList = DC602241253545180042813E /* Build configuration list for PBXProject "Metronome" */;
			compatibilityVersion = "Xcode 9.3";
			developmentRegion = en;
			hasScannedForEncodings = 0;
			knownRegions = (
				en,
				Base,
			);
			mainGroup = DC60223D253545180042813E;
			productRefGroup = DC602247253545180042813E /* Products */;
			projectDirPath = "";
			projectRoot = "";
			targets = (
				DC602245253545180042813E /* Metronome */,
				DC60225B2535451B0042813E /* MetronomeTests */,
				DC6022662535451B0042813E /* MetronomeUITests */,
			);
		};
/* End PBXProject section */

/* Begin PBXResourcesBuildPhase section */
		DC602244253545180042813E /* Resources */ = {
			isa = PBXResourcesBuildPhase;
			buildActionMask = 2147483647;
			files = (
				DC6022562535451B0042813E /* LaunchScreen.storyboard in Resources */,
				DC6022532535451B0042813E /* Preview Assets.xcassets in Resources */,
				DC6022502535451B0042813E /* Assets.xcassets in Resources */,
			);
			runOnlyForDeploymentPostprocessing = 0;
		};
		DC60225A2535451B0042813E /* Resources */ = {
			isa = PBXResourcesBuildPhase;
			buildActionMask = 2147483647;
			files = (
			);
			runOnlyForDeploymentPostprocessing = 0;
		};
		DC6022652535451B0042813E /* Resources */ = {
			isa = PBXResourcesBuildPhase;
			buildActionMask = 2147483647;
			files = (
			);
			runOnlyForDeploymentPostprocessing = 0;
		};
/* End PBXResourcesBuildPhase section */

/* Begin PBXSourcesBuildPhase section */
		DC602242253545180042813E /* Sources */ = {
			isa = PBXSourcesBuildPhase;
			buildActionMask = 2147483647;
			files = (
				DC60229C253551670042813E /* UserDefault.swift in Sources */,
				DC60228F253546400042813E /* HostingController.swift in Sources */,
				DC6022AC25357FBD0042813E /* NavigationBarModifier.swift in Sources */,
				DC60227E253545480042813E /* Clamping.swift in Sources */,
				DC60224A253545180042813E /* AppDelegate.swift in Sources */,
				DC6022B1253582A40042813E /* SettingsView.swift in Sources */,
				DC60224C253545180042813E /* SceneDelegate.swift in Sources */,
				DC602297253550680042813E /* UserSettings.swift in Sources */,
				DC60224E253545180042813E /* ContentView.swift in Sources */,
				DC602283253545560042813E /* ArcProgressView.swift in Sources */,
			);
			runOnlyForDeploymentPostprocessing = 0;
		};
		DC6022582535451B0042813E /* Sources */ = {
			isa = PBXSourcesBuildPhase;
			buildActionMask = 2147483647;
			files = (
				DC6022612535451B0042813E /* MetronomeTests.swift in Sources */,
			);
			runOnlyForDeploymentPostprocessing = 0;
		};
		DC6022632535451B0042813E /* Sources */ = {
			isa = PBXSourcesBuildPhase;
			buildActionMask = 2147483647;
			files = (
				DC60226C2535451B0042813E /* MetronomeUITests.swift in Sources */,
			);
			runOnlyForDeploymentPostprocessing = 0;
		};
/* End PBXSourcesBuildPhase section */

/* Begin PBXTargetDependency section */
		DC60225E2535451B0042813E /* PBXTargetDependency */ = {
			isa = PBXTargetDependency;
			target = DC602245253545180042813E /* Metronome */;
			targetProxy = DC60225D2535451B0042813E /* PBXContainerItemProxy */;
		};
		DC6022692535451B0042813E /* PBXTargetDependency */ = {
			isa = PBXTargetDependency;
			target = DC602245253545180042813E /* Metronome */;
			targetProxy = DC6022682535451B0042813E /* PBXContainerItemProxy */;
		};
/* End PBXTargetDependency section */

/* Begin PBXVariantGroup section */
		DC6022542535451B0042813E /* LaunchScreen.storyboard */ = {
			isa = PBXVariantGroup;
			children = (
				DC6022552535451B0042813E /* Base */,
			);
			name = LaunchScreen.storyboard;
			sourceTree = "<group>";
		};
/* End PBXVariantGroup section */

/* Begin XCBuildConfiguration section */
		DC60226E2535451B0042813E /* Debug */ = {
			isa = XCBuildConfiguration;
			buildSettings = {
				ALWAYS_SEARCH_USER_PATHS = NO;
				CLANG_ANALYZER_NONNULL = YES;
				CLANG_ANALYZER_NUMBER_OBJECT_CONVERSION = YES_AGGRESSIVE;
				CLANG_CXX_LANGUAGE_STANDARD = "gnu++14";
				CLANG_CXX_LIBRARY = "libc++";
				CLANG_ENABLE_MODULES = YES;
				CLANG_ENABLE_OBJC_ARC = YES;
				CLANG_ENABLE_OBJC_WEAK = YES;
				CLANG_WARN_BLOCK_CAPTURE_AUTORELEASING = YES;
				CLANG_WARN_BOOL_CONVERSION = YES;
				CLANG_WARN_COMMA = YES;
				CLANG_WARN_CONSTANT_CONVERSION = YES;
				CLANG_WARN_DEPRECATED_OBJC_IMPLEMENTATIONS = YES;
				CLANG_WARN_DIRECT_OBJC_ISA_USAGE = YES_ERROR;
				CLANG_WARN_DOCUMENTATION_COMMENTS = YES;
				CLANG_WARN_EMPTY_BODY = YES;
				CLANG_WARN_ENUM_CONVERSION = YES;
				CLANG_WARN_INFINITE_RECURSION = YES;
				CLANG_WARN_INT_CONVERSION = YES;
				CLANG_WARN_NON_LITERAL_NULL_CONVERSION = YES;
				CLANG_WARN_OBJC_IMPLICIT_RETAIN_SELF = YES;
				CLANG_WARN_OBJC_LITERAL_CONVERSION = YES;
				CLANG_WARN_OBJC_ROOT_CLASS = YES_ERROR;
				CLANG_WARN_QUOTED_INCLUDE_IN_FRAMEWORK_HEADER = YES;
				CLANG_WARN_RANGE_LOOP_ANALYSIS = YES;
				CLANG_WARN_STRICT_PROTOTYPES = YES;
				CLANG_WARN_SUSPICIOUS_MOVE = YES;
				CLANG_WARN_UNGUARDED_AVAILABILITY = YES_AGGRESSIVE;
				CLANG_WARN_UNREACHABLE_CODE = YES;
				CLANG_WARN__DUPLICATE_METHOD_MATCH = YES;
				COPY_PHASE_STRIP = NO;
				DEBUG_INFORMATION_FORMAT = dwarf;
				ENABLE_STRICT_OBJC_MSGSEND = YES;
				ENABLE_TESTABILITY = YES;
				GCC_C_LANGUAGE_STANDARD = gnu11;
				GCC_DYNAMIC_NO_PIC = NO;
				GCC_NO_COMMON_BLOCKS = YES;
				GCC_OPTIMIZATION_LEVEL = 0;
				GCC_PREPROCESSOR_DEFINITIONS = (
					"DEBUG=1",
					"$(inherited)",
				);
				GCC_WARN_64_TO_32_BIT_CONVERSION = YES;
				GCC_WARN_ABOUT_RETURN_TYPE = YES_ERROR;
				GCC_WARN_UNDECLARED_SELECTOR = YES;
				GCC_WARN_UNINITIALIZED_AUTOS = YES_AGGRESSIVE;
				GCC_WARN_UNUSED_FUNCTION = YES;
				GCC_WARN_UNUSED_VARIABLE = YES;
				IPHONEOS_DEPLOYMENT_TARGET = 14.0;
				MTL_ENABLE_DEBUG_INFO = INCLUDE_SOURCE;
				MTL_FAST_MATH = YES;
				ONLY_ACTIVE_ARCH = YES;
				SDKROOT = iphoneos;
				SWIFT_ACTIVE_COMPILATION_CONDITIONS = DEBUG;
				SWIFT_OPTIMIZATION_LEVEL = "-Onone";
			};
			name = Debug;
		};
		DC60226F2535451B0042813E /* Release */ = {
			isa = XCBuildConfiguration;
			buildSettings = {
				ALWAYS_SEARCH_USER_PATHS = NO;
				CLANG_ANALYZER_NONNULL = YES;
				CLANG_ANALYZER_NUMBER_OBJECT_CONVERSION = YES_AGGRESSIVE;
				CLANG_CXX_LANGUAGE_STANDARD = "gnu++14";
				CLANG_CXX_LIBRARY = "libc++";
				CLANG_ENABLE_MODULES = YES;
				CLANG_ENABLE_OBJC_ARC = YES;
				CLANG_ENABLE_OBJC_WEAK = YES;
				CLANG_WARN_BLOCK_CAPTURE_AUTORELEASING = YES;
				CLANG_WARN_BOOL_CONVERSION = YES;
				CLANG_WARN_COMMA = YES;
				CLANG_WARN_CONSTANT_CONVERSION = YES;
				CLANG_WARN_DEPRECATED_OBJC_IMPLEMENTATIONS = YES;
				CLANG_WARN_DIRECT_OBJC_ISA_USAGE = YES_ERROR;
				CLANG_WARN_DOCUMENTATION_COMMENTS = YES;
				CLANG_WARN_EMPTY_BODY = YES;
				CLANG_WARN_ENUM_CONVERSION = YES;
				CLANG_WARN_INFINITE_RECURSION = YES;
				CLANG_WARN_INT_CONVERSION = YES;
				CLANG_WARN_NON_LITERAL_NULL_CONVERSION = YES;
				CLANG_WARN_OBJC_IMPLICIT_RETAIN_SELF = YES;
				CLANG_WARN_OBJC_LITERAL_CONVERSION = YES;
				CLANG_WARN_OBJC_ROOT_CLASS = YES_ERROR;
				CLANG_WARN_QUOTED_INCLUDE_IN_FRAMEWORK_HEADER = YES;
				CLANG_WARN_RANGE_LOOP_ANALYSIS = YES;
				CLANG_WARN_STRICT_PROTOTYPES = YES;
				CLANG_WARN_SUSPICIOUS_MOVE = YES;
				CLANG_WARN_UNGUARDED_AVAILABILITY = YES_AGGRESSIVE;
				CLANG_WARN_UNREACHABLE_CODE = YES;
				CLANG_WARN__DUPLICATE_METHOD_MATCH = YES;
				COPY_PHASE_STRIP = NO;
				DEBUG_INFORMATION_FORMAT = "dwarf-with-dsym";
				ENABLE_NS_ASSERTIONS = NO;
				ENABLE_STRICT_OBJC_MSGSEND = YES;
				GCC_C_LANGUAGE_STANDARD = gnu11;
				GCC_NO_COMMON_BLOCKS = YES;
				GCC_WARN_64_TO_32_BIT_CONVERSION = YES;
				GCC_WARN_ABOUT_RETURN_TYPE = YES_ERROR;
				GCC_WARN_UNDECLARED_SELECTOR = YES;
				GCC_WARN_UNINITIALIZED_AUTOS = YES_AGGRESSIVE;
				GCC_WARN_UNUSED_FUNCTION = YES;
				GCC_WARN_UNUSED_VARIABLE = YES;
				IPHONEOS_DEPLOYMENT_TARGET = 14.0;
				MTL_ENABLE_DEBUG_INFO = NO;
				MTL_FAST_MATH = YES;
				SDKROOT = iphoneos;
				SWIFT_COMPILATION_MODE = wholemodule;
				SWIFT_OPTIMIZATION_LEVEL = "-O";
				VALIDATE_PRODUCT = YES;
			};
			name = Release;
		};
		DC6022712535451B0042813E /* Debug */ = {
			isa = XCBuildConfiguration;
			buildSettings = {
				ASSETCATALOG_COMPILER_APPICON_NAME = AppIcon;
				ASSETCATALOG_COMPILER_GLOBAL_ACCENT_COLOR_NAME = AccentColor;
				CODE_SIGN_STYLE = Automatic;
				DEVELOPMENT_ASSET_PATHS = "\"Metronome/Preview Content\"";
				DEVELOPMENT_TEAM = 3SC45A32Q2;
				ENABLE_PREVIEWS = YES;
				INFOPLIST_FILE = Metronome/Info.plist;
				LD_RUNPATH_SEARCH_PATHS = (
					"$(inherited)",
					"@executable_path/Frameworks",
				);
				PRODUCT_BUNDLE_IDENTIFIER = com.coder.cai.metronome;
				PRODUCT_NAME = "$(TARGET_NAME)";
				SWIFT_VERSION = 5.0;
				TARGETED_DEVICE_FAMILY = "1,2";
			};
			name = Debug;
		};
		DC6022722535451B0042813E /* Release */ = {
			isa = XCBuildConfiguration;
			buildSettings = {
				ASSETCATALOG_COMPILER_APPICON_NAME = AppIcon;
				ASSETCATALOG_COMPILER_GLOBAL_ACCENT_COLOR_NAME = AccentColor;
				CODE_SIGN_STYLE = Automatic;
				DEVELOPMENT_ASSET_PATHS = "\"Metronome/Preview Content\"";
				DEVELOPMENT_TEAM = 3SC45A32Q2;
				ENABLE_PREVIEWS = YES;
				INFOPLIST_FILE = Metronome/Info.plist;
				LD_RUNPATH_SEARCH_PATHS = (
					"$(inherited)",
					"@executable_path/Frameworks",
				);
				PRODUCT_BUNDLE_IDENTIFIER = com.coder.cai.metronome;
				PRODUCT_NAME = "$(TARGET_NAME)";
				SWIFT_VERSION = 5.0;
				TARGETED_DEVICE_FAMILY = "1,2";
			};
			name = Release;
		};
		DC6022742535451B0042813E /* Debug */ = {
			isa = XCBuildConfiguration;
			buildSettings = {
				ALWAYS_EMBED_SWIFT_STANDARD_LIBRARIES = YES;
				BUNDLE_LOADER = "$(TEST_HOST)";
				CODE_SIGN_STYLE = Automatic;
				DEVELOPMENT_TEAM = 5XERJB6TQW;
				INFOPLIST_FILE = MetronomeTests/Info.plist;
				IPHONEOS_DEPLOYMENT_TARGET = 14.0;
				LD_RUNPATH_SEARCH_PATHS = (
					"$(inherited)",
					"@executable_path/Frameworks",
					"@loader_path/Frameworks",
				);
				PRODUCT_BUNDLE_IDENTIFIER = com.coder.cai.MetronomeTests;
				PRODUCT_NAME = "$(TARGET_NAME)";
				SWIFT_VERSION = 5.0;
				TARGETED_DEVICE_FAMILY = "1,2";
				TEST_HOST = "$(BUILT_PRODUCTS_DIR)/Metronome.app/Metronome";
			};
			name = Debug;
		};
		DC6022752535451B0042813E /* Release */ = {
			isa = XCBuildConfiguration;
			buildSettings = {
				ALWAYS_EMBED_SWIFT_STANDARD_LIBRARIES = YES;
				BUNDLE_LOADER = "$(TEST_HOST)";
				CODE_SIGN_STYLE = Automatic;
				DEVELOPMENT_TEAM = 5XERJB6TQW;
				INFOPLIST_FILE = MetronomeTests/Info.plist;
				IPHONEOS_DEPLOYMENT_TARGET = 14.0;
				LD_RUNPATH_SEARCH_PATHS = (
					"$(inherited)",
					"@executable_path/Frameworks",
					"@loader_path/Frameworks",
				);
				PRODUCT_BUNDLE_IDENTIFIER = com.coder.cai.MetronomeTests;
				PRODUCT_NAME = "$(TARGET_NAME)";
				SWIFT_VERSION = 5.0;
				TARGETED_DEVICE_FAMILY = "1,2";
				TEST_HOST = "$(BUILT_PRODUCTS_DIR)/Metronome.app/Metronome";
			};
			name = Release;
		};
		DC6022772535451B0042813E /* Debug */ = {
			isa = XCBuildConfiguration;
			buildSettings = {
				ALWAYS_EMBED_SWIFT_STANDARD_LIBRARIES = YES;
				CODE_SIGN_STYLE = Automatic;
				DEVELOPMENT_TEAM = 5XERJB6TQW;
				INFOPLIST_FILE = MetronomeUITests/Info.plist;
				LD_RUNPATH_SEARCH_PATHS = (
					"$(inherited)",
					"@executable_path/Frameworks",
					"@loader_path/Frameworks",
				);
				PRODUCT_BUNDLE_IDENTIFIER = com.coder.cai.MetronomeUITests;
				PRODUCT_NAME = "$(TARGET_NAME)";
				SWIFT_VERSION = 5.0;
				TARGETED_DEVICE_FAMILY = "1,2";
				TEST_TARGET_NAME = Metronome;
			};
			name = Debug;
		};
		DC6022782535451B0042813E /* Release */ = {
			isa = XCBuildConfiguration;
			buildSettings = {
				ALWAYS_EMBED_SWIFT_STANDARD_LIBRARIES = YES;
				CODE_SIGN_STYLE = Automatic;
				DEVELOPMENT_TEAM = 5XERJB6TQW;
				INFOPLIST_FILE = MetronomeUITests/Info.plist;
				LD_RUNPATH_SEARCH_PATHS = (
					"$(inherited)",
					"@executable_path/Frameworks",
					"@loader_path/Frameworks",
				);
				PRODUCT_BUNDLE_IDENTIFIER = com.coder.cai.MetronomeUITests;
				PRODUCT_NAME = "$(TARGET_NAME)";
				SWIFT_VERSION = 5.0;
				TARGETED_DEVICE_FAMILY = "1,2";
				TEST_TARGET_NAME = Metronome;
			};
			name = Release;
		};
/* End XCBuildConfiguration section */

/* Begin XCConfigurationList section */
		DC602241253545180042813E /* Build configuration list for PBXProject "Metronome" */ = {
			isa = XCConfigurationList;
			buildConfigurations = (
				DC60226E2535451B0042813E /* Debug */,
				DC60226F2535451B0042813E /* Release */,
			);
			defaultConfigurationIsVisible = 0;
			defaultConfigurationName = Release;
		};
		DC6022702535451B0042813E /* Build configuration list for PBXNativeTarget "Metronome" */ = {
			isa = XCConfigurationList;
			buildConfigurations = (
				DC6022712535451B0042813E /* Debug */,
				DC6022722535451B0042813E /* Release */,
			);
			defaultConfigurationIsVisible = 0;
			defaultConfigurationName = Release;
		};
		DC6022732535451B0042813E /* Build configuration list for PBXNativeTarget "MetronomeTests" */ = {
			isa = XCConfigurationList;
			buildConfigurations = (
				DC6022742535451B0042813E /* Debug */,
				DC6022752535451B0042813E /* Release */,
			);
			defaultConfigurationIsVisible = 0;
			defaultConfigurationName = Release;
		};
		DC6022762535451B0042813E /* Build configuration list for PBXNativeTarget "MetronomeUITests" */ = {
			isa = XCConfigurationList;
			buildConfigurations = (
				DC6022772535451B0042813E /* Debug */,
				DC6022782535451B0042813E /* Release */,
			);
			defaultConfigurationIsVisible = 0;
			defaultConfigurationName = Release;
		};
/* End XCConfigurationList section */
	};
	rootObject = DC60223E253545180042813E /* Project object */;
}
